Microsoft Visual Studio Solution File, Format Version 11.00
# Visual Studio 2010
Project("{2150E333-8FDC-42A3-9474-1A3956D46DE8}") = "Import Export", "Import Export", "{EA90084C-4027-4262-94E6-5CFEA52C3F14}"
EndProject
Project("{2150E333-8FDC-42A3-9474-1A3956D46DE8}") = "Tools", "Tools", "{C46F5698-C886-4C36-88EA-81A487ACB14A}"
EndProject
Project("{2150E333-8FDC-42A3-9474-1A3956D46DE8}") = "Old Editor", "Old Editor", "{4F1DF68C-76D3-435D-B3E7-8B156A052E47}"
EndProject
Project("{2150E333-8FDC-42A3-9474-1A3956D46DE8}") = "PSP", "PSP", "{610C8DD9-75A6-4E5B-A167-DA72745DE6CD}"
EndProject
Project("{8BC9CEB8-8B4A-11D0-8D11-00A0C91BC942}") = "Core", "Core\Core.vcxproj", "{5EACD6E7-D294-414F-ACB2-90A32D4353C0}"
EndProject
Project("{8BC9CEB8-8B4A-11D0-8D11-00A0C91BC942}") = "DX9Input", "Plugins\Input\DX9Input\DX9Input.vcxproj", "{EF021B5C-1D86-490F-A2A2-131362560687}"
EndProject
Project("{8BC9CEB8-8B4A-11D0-8D11-00A0C91BC942}") = "DevILImpExp", "Plugins\ImportExport\DevILImpExp\DevILImpExp.vcxproj", "{603805D8-270D-4093-9F11-B77C6B1C8CDA}"
EndProject
Project("{8BC9CEB8-8B4A-11D0-8D11-00A0C91BC942}") = "Editor", "Editor\Editor.vcxproj", "{CFA91863-F0C5-4FD0-802A-E4414D8EE71F}"
	ProjectSection(ProjectDependencies) = postProject
		{B11A7D08-2B5B-4BBF-9A90-88FBC99D82CC} = {B11A7D08-2B5B-4BBF-9A90-88FBC99D82CC}
		{CCC59B09-0AE1-41F5-B3FE-8918A7D0A50A} = {CCC59B09-0AE1-41F5-B3FE-8918A7D0A50A}
		{B76EFF1E-F27E-4CF2-B864-09904DCAE87B} = {B76EFF1E-F27E-4CF2-B864-09904DCAE87B}
		{56505B3B-FDE5-40A3-9716-B7FCE49BBFAA} = {56505B3B-FDE5-40A3-9716-B7FCE49BBFAA}
		{55DAE454-CE81-4BBD-8D1D-977D6572C05F} = {55DAE454-CE81-4BBD-8D1D-977D6572C05F}
		{EF021B5C-1D86-490F-A2A2-131362560687} = {EF021B5C-1D86-490F-A2A2-131362560687}
		{F08D3B72-4470-4D93-9FAA-56797964569F} = {F08D3B72-4470-4D93-9FAA-56797964569F}
		{5D4A107B-804F-4380-AA79-FBCEA726C532} = {5D4A107B-804F-4380-AA79-FBCEA726C532}
		{538904C3-E8D7-4FF8-AE64-4105E9F67134} = {538904C3-E8D7-4FF8-AE64-4105E9F67134}
		{923990C9-B472-48BC-B164-B146C94B6C91} = {923990C9-B472-48BC-B164-B146C94B6C91}
		{8D3675D4-63E6-42FA-95B8-AF2081202168} = {8D3675D4-63E6-42FA-95B8-AF2081202168}
		{603805D8-270D-4093-9F11-B77C6B1C8CDA} = {603805D8-270D-4093-9F11-B77C6B1C8CDA}
		{B9B6C9DD-B2D4-4201-9443-D20D18365129} = {B9B6C9DD-B2D4-4201-9443-D20D18365129}
		{3A8FAAF7-1B42-4942-BC13-15FBC63932F8} = {3A8FAAF7-1B42-4942-BC13-15FBC63932F8}
		{B5B297FA-FDDD-40F1-A9BC-4CC2D639DAEB} = {B5B297FA-FDDD-40F1-A9BC-4CC2D639DAEB}
	EndProjectSection
EndProject
Project("{8BC9CEB8-8B4A-11D0-8D11-00A0C91BC942}") = "EditorLib", "EditorLib\EditorLib.vcxproj", "{3A8FAAF7-1B42-4942-BC13-15FBC63932F8}"
EndProject
Project("{8BC9CEB8-8B4A-11D0-8D11-00A0C91BC942}") = "Engine", "Engine\Engine.vcxproj", "{75CA8581-DB13-4549-BA2B-9AF0666FE7CF}"
EndProject
Project("{8BC9CEB8-8B4A-11D0-8D11-00A0C91BC942}") = "FMODSound", "Plugins\Sound\FMODSound\FMODSound.vcxproj", "{CCC59B09-0AE1-41F5-B3FE-8918A7D0A50A}"
	ProjectSection(ProjectDependencies) = postProject
		{75CA8581-DB13-4549-BA2B-9AF0666FE7CF} = {75CA8581-DB13-4549-BA2B-9AF0666FE7CF}
	EndProjectSection
EndProject
Project("{8BC9CEB8-8B4A-11D0-8D11-00A0C91BC942}") = "FTImporter", "Plugins\ImportExport\FTImporter\FTImporter.vcxproj", "{B76EFF1E-F27E-4CF2-B864-09904DCAE87B}"
EndProject
Project("{8BC9CEB8-8B4A-11D0-8D11-00A0C91BC942}") = "LWOImpExp", "Plugins\ImportExport\LWOImpExp\LWOImpExp.vcxproj", "{56505B3B-FDE5-40A3-9716-B7FCE49BBFAA}"
	ProjectSection(ProjectDependencies) = postProject
		{75CA8581-DB13-4549-BA2B-9AF0666FE7CF} = {75CA8581-DB13-4549-BA2B-9AF0666FE7CF}
	EndProjectSection
EndProject
Project("{8BC9CEB8-8B4A-11D0-8D11-00A0C91BC942}") = "MD5Importer", "Plugins\IMPORTEXPORT\MD5Importer\MD5Importer.vcxproj", "{B11A7D08-2B5B-4BBF-9A90-88FBC99D82CC}"
	ProjectSection(ProjectDependencies) = postProject
		{75CA8581-DB13-4549-BA2B-9AF0666FE7CF} = {75CA8581-DB13-4549-BA2B-9AF0666FE7CF}
	EndProjectSection
EndProject
Project("{8BC9CEB8-8B4A-11D0-8D11-00A0C91BC942}") = "MDLImporter", "Plugins\ImportExport\MDLImporter\MDLImporter.vcxproj", "{5D4A107B-804F-4380-AA79-FBCEA726C532}"
	ProjectSection(ProjectDependencies) = postProject
		{75CA8581-DB13-4549-BA2B-9AF0666FE7CF} = {75CA8581-DB13-4549-BA2B-9AF0666FE7CF}
	EndProjectSection
EndProject
Project("{8BC9CEB8-8B4A-11D0-8D11-00A0C91BC942}") = "MainViewer", "Plugins\Tools\MainViewer\MainViewer.vcxproj", "{B9B6C9DD-B2D4-4201-9443-D20D18365129}"
EndProject
Project("{8BC9CEB8-8B4A-11D0-8D11-00A0C91BC942}") = "OGLGraphic", "Plugins\Graphic\OGLGraphic\OGLGraphic.vcxproj", "{538904C3-E8D7-4FF8-AE64-4105E9F67134}"
	ProjectSection(ProjectDependencies) = postProject
		{5EACD6E7-D294-414F-ACB2-90A32D4353C0} = {5EACD6E7-D294-414F-ACB2-90A32D4353C0}
	EndProjectSection
EndProject
Project("{8BC9CEB8-8B4A-11D0-8D11-00A0C91BC942}") = "QtOGLRenderWindow", "Plugins\RenderWindow\QtOGLRenderWindow\QtOGLRenderWindow.vcxproj", "{B5B297FA-FDDD-40F1-A9BC-4CC2D639DAEB}"
	ProjectSection(ProjectDependencies) = postProject
		{75CA8581-DB13-4549-BA2B-9AF0666FE7CF} = {75CA8581-DB13-4549-BA2B-9AF0666FE7CF}
		{538904C3-E8D7-4FF8-AE64-4105E9F67134} = {538904C3-E8D7-4FF8-AE64-4105E9F67134}
	EndProjectSection
EndProject
Project("{8BC9CEB8-8B4A-11D0-8D11-00A0C91BC942}") = "WavImporter", "Plugins\ImportExport\WavImporter\WavImporter.vcxproj", "{55DAE454-CE81-4BBD-8D1D-977D6572C05F}"
	ProjectSection(ProjectDependencies) = postProject
		{75CA8581-DB13-4549-BA2B-9AF0666FE7CF} = {75CA8581-DB13-4549-BA2B-9AF0666FE7CF}
	EndProjectSection
EndProject
Project("{8BC9CEB8-8B4A-11D0-8D11-00A0C91BC942}") = "Launch", "Launch\Launch.vcxproj", "{BE7E677C-0091-4BEF-96B4-1C019AA82E26}"
EndProject
Project("{8BC9CEB8-8B4A-11D0-8D11-00A0C91BC942}") = "Win32OGLRenderWindow", "Plugins\RenderWindow\Win32OGLRenderWindow\Win32OGLRenderWindow.vcxproj", "{3F62010D-6CED-49D6-8DC9-B21099FE2977}"
	ProjectSection(ProjectDependencies) = postProject
		{5EACD6E7-D294-414F-ACB2-90A32D4353C0} = {5EACD6E7-D294-414F-ACB2-90A32D4353C0}
	EndProjectSection
EndProject
Project("{8BC9CEB8-8B4A-11D0-8D11-00A0C91BC942}") = "BSPImporter", "Plugins\ImportExport\BSPImporter\BSPImporter.vcxproj", "{8D3675D4-63E6-42FA-95B8-AF2081202168}"
	ProjectSection(ProjectDependencies) = postProject
		{75CA8581-DB13-4549-BA2B-9AF0666FE7CF} = {75CA8581-DB13-4549-BA2B-9AF0666FE7CF}
	EndProjectSection
EndProject
Project("{8BC9CEB8-8B4A-11D0-8D11-00A0C91BC942}") = "gdprop", "Utils\gdprop\gdprop.vcxproj", "{030D3C2E-924F-4154-9F21-3BFC8ABD0CD2}"
EndProject
Project("{8BC9CEB8-8B4A-11D0-8D11-00A0C91BC942}") = "PropertyEditor", "Plugins\Tools\PropertyEditor\PropertyEditor.vcxproj", "{F08D3B72-4470-4D93-9FAA-56797964569F}"
EndProject
Project("{8BC9CEB8-8B4A-11D0-8D11-00A0C91BC942}") = "Space", "Space\Space.vcxproj", "{923990C9-B472-48BC-B164-B146C94B6C91}"
	ProjectSection(ProjectDependencies) = postProject
		{75CA8581-DB13-4549-BA2B-9AF0666FE7CF} = {75CA8581-DB13-4549-BA2B-9AF0666FE7CF}
	EndProjectSection
EndProject
Project("{8BC9CEB8-8B4A-11D0-8D11-00A0C91BC942}") = "3DSExporter", "Utils\3DSExporter\3DSExporter.vcxproj", "{625C683F-2833-4B45-9ACC-1025D87AA999}"
	ProjectSection(ProjectDependencies) = postProject
		{75CA8581-DB13-4549-BA2B-9AF0666FE7CF} = {75CA8581-DB13-4549-BA2B-9AF0666FE7CF}
	EndProjectSection
EndProject
Project("{8BC9CEB8-8B4A-11D0-8D11-00A0C91BC942}") = "PSPGraphic", "Plugins\Graphic\PSPGraphic\PSPGraphic.vcxproj", "{89EF22A5-08DC-493E-B145-64ADE599228A}"
	ProjectSection(ProjectDependencies) = postProject
		{75CA8581-DB13-4549-BA2B-9AF0666FE7CF} = {75CA8581-DB13-4549-BA2B-9AF0666FE7CF}
		{5EACD6E7-D294-414F-ACB2-90A32D4353C0} = {5EACD6E7-D294-414F-ACB2-90A32D4353C0}
	EndProjectSection
EndProject
Project("{8BC9CEB8-8B4A-11D0-8D11-00A0C91BC942}") = "PSPLaunch", "PSPLaunch\PSPLaunch.vcxproj", "{89EF22A5-08DC-493E-B145-64ADE599228B}"
	ProjectSection(ProjectDependencies) = postProject
		{75CA8581-DB13-4549-BA2B-9AF0666FE7CF} = {75CA8581-DB13-4549-BA2B-9AF0666FE7CF}
		{89EF22A5-08DC-493E-B145-64ADE599228A} = {89EF22A5-08DC-493E-B145-64ADE599228A}
		{5EACD6E7-D294-414F-ACB2-90A32D4353C0} = {5EACD6E7-D294-414F-ACB2-90A32D4353C0}
	EndProjectSection
EndProject
Project("{FAE04EC0-301F-11D3-BF4B-00C04F79EFBC}") = "GDEdit", "GDEdit\GDEdit.csproj", "{2D54581C-3D45-4DF5-8866-65708174936F}"
EndProject
Project("{8BC9CEB8-8B4A-11D0-8D11-00A0C91BC942}") = "EditorLink", "EditorLink\EditorLink.vcxproj", "{458D54B4-A32C-44D7-942B-9D353C553CA5}"
	ProjectSection(ProjectDependencies) = postProject
		{75CA8581-DB13-4549-BA2B-9AF0666FE7CF} = {75CA8581-DB13-4549-BA2B-9AF0666FE7CF}
		{5EACD6E7-D294-414F-ACB2-90A32D4353C0} = {5EACD6E7-D294-414F-ACB2-90A32D4353C0}
	EndProjectSection
EndProject
Project("{8BC9CEB8-8B4A-11D0-8D11-00A0C91BC942}") = "ASEImporter", "Plugins\ImportExport\ASEImporter\ASEImporter.vcxproj", "{DCAC48A7-CB09-4F03-946E-8280FFA30810}"
	ProjectSection(ProjectDependencies) = postProject
		{75CA8581-DB13-4549-BA2B-9AF0666FE7CF} = {75CA8581-DB13-4549-BA2B-9AF0666FE7CF}
		{5EACD6E7-D294-414F-ACB2-90A32D4353C0} = {5EACD6E7-D294-414F-ACB2-90A32D4353C0}
	EndProjectSection
EndProject
Global
	GlobalSection(SolutionConfigurationPlatforms) = preSolution
		PSP Debug|Mixed Platforms = PSP Debug|Mixed Platforms
		PSP Debug|Win32 = PSP Debug|Win32
		PSP Release|Mixed Platforms = PSP Release|Mixed Platforms
		PSP Release|Win32 = PSP Release|Win32
		Win32 Debug|Mixed Platforms = Win32 Debug|Mixed Platforms
		Win32 Debug|Win32 = Win32 Debug|Win32
		Win32 Release|Mixed Platforms = Win32 Release|Mixed Platforms
		Win32 Release|Win32 = Win32 Release|Win32
	EndGlobalSection
	GlobalSection(ProjectConfigurationPlatforms) = postSolution
		{5EACD6E7-D294-414F-ACB2-90A32D4353C0}.PSP Debug|Mixed Platforms.ActiveCfg = PSP Debug|Win32
		{5EACD6E7-D294-414F-ACB2-90A32D4353C0}.PSP Debug|Mixed Platforms.Build.0 = PSP Debug|Win32
		{5EACD6E7-D294-414F-ACB2-90A32D4353C0}.PSP Debug|Win32.ActiveCfg = PSP Debug|Win32
		{5EACD6E7-D294-414F-ACB2-90A32D4353C0}.PSP Debug|Win32.Build.0 = PSP Debug|Win32
		{5EACD6E7-D294-414F-ACB2-90A32D4353C0}.PSP Release|Mixed Platforms.ActiveCfg = PSP Release|Win32
		{5EACD6E7-D294-414F-ACB2-90A32D4353C0}.PSP Release|Mixed Platforms.Build.0 = PSP Release|Win32
		{5EACD6E7-D294-414F-ACB2-90A32D4353C0}.PSP Release|Win32.ActiveCfg = PSP Release|Win32
		{5EACD6E7-D294-414F-ACB2-90A32D4353C0}.PSP Release|Win32.Build.0 = PSP Release|Win32
		{5EACD6E7-D294-414F-ACB2-90A32D4353C0}.Win32 Debug|Mixed Platforms.ActiveCfg = Win32 Debug|Win32
		{5EACD6E7-D294-414F-ACB2-90A32D4353C0}.Win32 Debug|Mixed Platforms.Build.0 = Win32 Debug|Win32
		{5EACD6E7-D294-414F-ACB2-90A32D4353C0}.Win32 Debug|Win32.ActiveCfg = Win32 Debug|Win32
		{5EACD6E7-D294-414F-ACB2-90A32D4353C0}.Win32 Debug|Win32.Build.0 = Win32 Debug|Win32
		{5EACD6E7-D294-414F-ACB2-90A32D4353C0}.Win32 Release|Mixed Platforms.ActiveCfg = Win32 Release|Win32
		{5EACD6E7-D294-414F-ACB2-90A32D4353C0}.Win32 Release|Mixed Platforms.Build.0 = Win32 Release|Win32
		{5EACD6E7-D294-414F-ACB2-90A32D4353C0}.Win32 Release|Win32.ActiveCfg = Win32 Release|Win32
		{5EACD6E7-D294-414F-ACB2-90A32D4353C0}.Win32 Release|Win32.Build.0 = Win32 Release|Win32
		{EF021B5C-1D86-490F-A2A2-131362560687}.PSP Debug|Mixed Platforms.ActiveCfg = Win32 Release|Win32
		{EF021B5C-1D86-490F-A2A2-131362560687}.PSP Debug|Win32.ActiveCfg = Win32 Debug|Win32
		{EF021B5C-1D86-490F-A2A2-131362560687}.PSP Release|Mixed Platforms.ActiveCfg = Win32 Release|Win32
		{EF021B5C-1D86-490F-A2A2-131362560687}.PSP Release|Win32.ActiveCfg = Win32 Release|Win32
		{EF021B5C-1D86-490F-A2A2-131362560687}.Win32 Debug|Mixed Platforms.ActiveCfg = Win32 Debug|Win32
		{EF021B5C-1D86-490F-A2A2-131362560687}.Win32 Debug|Win32.ActiveCfg = Win32 Debug|Win32
		{EF021B5C-1D86-490F-A2A2-131362560687}.Win32 Debug|Win32.Build.0 = Win32 Debug|Win32
		{EF021B5C-1D86-490F-A2A2-131362560687}.Win32 Release|Mixed Platforms.ActiveCfg = Win32 Release|Win32
		{EF021B5C-1D86-490F-A2A2-131362560687}.Win32 Release|Win32.ActiveCfg = Win32 Release|Win32
		{EF021B5C-1D86-490F-A2A2-131362560687}.Win32 Release|Win32.Build.0 = Win32 Release|Win32
		{603805D8-270D-4093-9F11-B77C6B1C8CDA}.PSP Debug|Mixed Platforms.ActiveCfg = Win32 Release|Win32
		{603805D8-270D-4093-9F11-B77C6B1C8CDA}.PSP Debug|Mixed Platforms.Build.0 = Win32 Release|Win32
		{603805D8-270D-4093-9F11-B77C6B1C8CDA}.PSP Debug|Win32.ActiveCfg = Win32 Debug|Win32
		{603805D8-270D-4093-9F11-B77C6B1C8CDA}.PSP Release|Mixed Platforms.ActiveCfg = Win32 Release|Win32
		{603805D8-270D-4093-9F11-B77C6B1C8CDA}.PSP Release|Mixed Platforms.Build.0 = Win32 Release|Win32
		{603805D8-270D-4093-9F11-B77C6B1C8CDA}.PSP Release|Win32.ActiveCfg = Win32 Release|Win32
		{603805D8-270D-4093-9F11-B77C6B1C8CDA}.Win32 Debug|Mixed Platforms.ActiveCfg = Win32 Debug|Win32
		{603805D8-270D-4093-9F11-B77C6B1C8CDA}.Win32 Debug|Mixed Platforms.Build.0 = Win32 Debug|Win32
		{603805D8-270D-4093-9F11-B77C6B1C8CDA}.Win32 Debug|Win32.ActiveCfg = Win32 Debug|Win32
		{603805D8-270D-4093-9F11-B77C6B1C8CDA}.Win32 Debug|Win32.Build.0 = Win32 Debug|Win32
		{603805D8-270D-4093-9F11-B77C6B1C8CDA}.Win32 Release|Mixed Platforms.ActiveCfg = Win32 Release|Win32
		{603805D8-270D-4093-9F11-B77C6B1C8CDA}.Win32 Release|Mixed Platforms.Build.0 = Win32 Release|Win32
		{603805D8-270D-4093-9F11-B77C6B1C8CDA}.Win32 Release|Win32.ActiveCfg = Win32 Release|Win32
		{603805D8-270D-4093-9F11-B77C6B1C8CDA}.Win32 Release|Win32.Build.0 = Win32 Release|Win32
		{CFA91863-F0C5-4FD0-802A-E4414D8EE71F}.PSP Debug|Mixed Platforms.ActiveCfg = Win32 Release|Win32
		{CFA91863-F0C5-4FD0-802A-E4414D8EE71F}.PSP Debug|Win32.ActiveCfg = Win32 Debug|Win32
		{CFA91863-F0C5-4FD0-802A-E4414D8EE71F}.PSP Release|Mixed Platforms.ActiveCfg = Win32 Release|Win32
		{CFA91863-F0C5-4FD0-802A-E4414D8EE71F}.PSP Release|Win32.ActiveCfg = Win32 Release|Win32
		{CFA91863-F0C5-4FD0-802A-E4414D8EE71F}.Win32 Debug|Mixed Platforms.ActiveCfg = Win32 Debug|Win32
		{CFA91863-F0C5-4FD0-802A-E4414D8EE71F}.Win32 Debug|Win32.ActiveCfg = Win32 Debug|Win32
		{CFA91863-F0C5-4FD0-802A-E4414D8EE71F}.Win32 Release|Mixed Platforms.ActiveCfg = Win32 Release|Win32
		{CFA91863-F0C5-4FD0-802A-E4414D8EE71F}.Win32 Release|Win32.ActiveCfg = Win32 Release|Win32
		{CFA91863-F0C5-4FD0-802A-E4414D8EE71F}.Win32 Release|Win32.Build.0 = Win32 Release|Win32
		{3A8FAAF7-1B42-4942-BC13-15FBC63932F8}.PSP Debug|Mixed Platforms.ActiveCfg = Win32 Release|Win32
		{3A8FAAF7-1B42-4942-BC13-15FBC63932F8}.PSP Debug|Win32.ActiveCfg = Win32 Debug|Win32
		{3A8FAAF7-1B42-4942-BC13-15FBC63932F8}.PSP Release|Mixed Platforms.ActiveCfg = Win32 Release|Win32
		{3A8FAAF7-1B42-4942-BC13-15FBC63932F8}.PSP Release|Win32.ActiveCfg = Win32 Release|Win32
		{3A8FAAF7-1B42-4942-BC13-15FBC63932F8}.Win32 Debug|Mixed Platforms.ActiveCfg = Win32 Debug|Win32
		{3A8FAAF7-1B42-4942-BC13-15FBC63932F8}.Win32 Debug|Win32.ActiveCfg = Win32 Debug|Win32
		{3A8FAAF7-1B42-4942-BC13-15FBC63932F8}.Win32 Release|Mixed Platforms.ActiveCfg = Win32 Release|Win32
		{3A8FAAF7-1B42-4942-BC13-15FBC63932F8}.Win32 Release|Win32.ActiveCfg = Win32 Release|Win32
		{3A8FAAF7-1B42-4942-BC13-15FBC63932F8}.Win32 Release|Win32.Build.0 = Win32 Release|Win32
		{75CA8581-DB13-4549-BA2B-9AF0666FE7CF}.PSP Debug|Mixed Platforms.ActiveCfg = PSP Debug|Win32
		{75CA8581-DB13-4549-BA2B-9AF0666FE7CF}.PSP Debug|Mixed Platforms.Build.0 = PSP Debug|Win32
		{75CA8581-DB13-4549-BA2B-9AF0666FE7CF}.PSP Debug|Win32.ActiveCfg = PSP Debug|Win32
		{75CA8581-DB13-4549-BA2B-9AF0666FE7CF}.PSP Debug|Win32.Build.0 = PSP Debug|Win32
		{75CA8581-DB13-4549-BA2B-9AF0666FE7CF}.PSP Release|Mixed Platforms.ActiveCfg = PSP Release|Win32
		{75CA8581-DB13-4549-BA2B-9AF0666FE7CF}.PSP Release|Mixed Platforms.Build.0 = PSP Release|Win32
		{75CA8581-DB13-4549-BA2B-9AF0666FE7CF}.PSP Release|Win32.ActiveCfg = PSP Release|Win32
		{75CA8581-DB13-4549-BA2B-9AF0666FE7CF}.PSP Release|Win32.Build.0 = PSP Release|Win32
		{75CA8581-DB13-4549-BA2B-9AF0666FE7CF}.Win32 Debug|Mixed Platforms.ActiveCfg = Win32 Debug|Win32
		{75CA8581-DB13-4549-BA2B-9AF0666FE7CF}.Win32 Debug|Mixed Platforms.Build.0 = Win32 Debug|Win32
		{75CA8581-DB13-4549-BA2B-9AF0666FE7CF}.Win32 Debug|Win32.ActiveCfg = Win32 Debug|Win32
		{75CA8581-DB13-4549-BA2B-9AF0666FE7CF}.Win32 Debug|Win32.Build.0 = Win32 Debug|Win32
		{75CA8581-DB13-4549-BA2B-9AF0666FE7CF}.Win32 Release|Mixed Platforms.ActiveCfg = Win32 Release|Win32
		{75CA8581-DB13-4549-BA2B-9AF0666FE7CF}.Win32 Release|Mixed Platforms.Build.0 = Win32 Release|Win32
		{75CA8581-DB13-4549-BA2B-9AF0666FE7CF}.Win32 Release|Win32.ActiveCfg = Win32 Release|Win32
		{75CA8581-DB13-4549-BA2B-9AF0666FE7CF}.Win32 Release|Win32.Build.0 = Win32 Release|Win32
		{CCC59B09-0AE1-41F5-B3FE-8918A7D0A50A}.PSP Debug|Mixed Platforms.ActiveCfg = Win32 Release|Win32
		{CCC59B09-0AE1-41F5-B3FE-8918A7D0A50A}.PSP Debug|Win32.ActiveCfg = Win32 Debug|Win32
		{CCC59B09-0AE1-41F5-B3FE-8918A7D0A50A}.PSP Release|Mixed Platforms.ActiveCfg = Win32 Release|Win32
		{CCC59B09-0AE1-41F5-B3FE-8918A7D0A50A}.PSP Release|Win32.ActiveCfg = Win32 Release|Win32
		{CCC59B09-0AE1-41F5-B3FE-8918A7D0A50A}.Win32 Debug|Mixed Platforms.ActiveCfg = Win32 Debug|Win32
		{CCC59B09-0AE1-41F5-B3FE-8918A7D0A50A}.Win32 Debug|Win32.ActiveCfg = Win32 Debug|Win32
		{CCC59B09-0AE1-41F5-B3FE-8918A7D0A50A}.Win32 Debug|Win32.Build.0 = Win32 Debug|Win32
		{CCC59B09-0AE1-41F5-B3FE-8918A7D0A50A}.Win32 Release|Mixed Platforms.ActiveCfg = Win32 Release|Win32
		{CCC59B09-0AE1-41F5-B3FE-8918A7D0A50A}.Win32 Release|Win32.ActiveCfg = Win32 Release|Win32
		{CCC59B09-0AE1-41F5-B3FE-8918A7D0A50A}.Win32 Release|Win32.Build.0 = Win32 Release|Win32
		{B76EFF1E-F27E-4CF2-B864-09904DCAE87B}.PSP Debug|Mixed Platforms.ActiveCfg = Win32 Release|Win32
		{B76EFF1E-F27E-4CF2-B864-09904DCAE87B}.PSP Debug|Mixed Platforms.Build.0 = Win32 Release|Win32
		{B76EFF1E-F27E-4CF2-B864-09904DCAE87B}.PSP Debug|Win32.ActiveCfg = Win32 Debug|Win32
		{B76EFF1E-F27E-4CF2-B864-09904DCAE87B}.PSP Release|Mixed Platforms.ActiveCfg = Win32 Release|Win32
		{B76EFF1E-F27E-4CF2-B864-09904DCAE87B}.PSP Release|Mixed Platforms.Build.0 = Win32 Release|Win32
		{B76EFF1E-F27E-4CF2-B864-09904DCAE87B}.PSP Release|Win32.ActiveCfg = Win32 Release|Win32
		{B76EFF1E-F27E-4CF2-B864-09904DCAE87B}.Win32 Debug|Mixed Platforms.ActiveCfg = Win32 Debug|Win32
		{B76EFF1E-F27E-4CF2-B864-09904DCAE87B}.Win32 Debug|Mixed Platforms.Build.0 = Win32 Debug|Win32
		{B76EFF1E-F27E-4CF2-B864-09904DCAE87B}.Win32 Debug|Win32.ActiveCfg = Win32 Debug|Win32
		{B76EFF1E-F27E-4CF2-B864-09904DCAE87B}.Win32 Debug|Win32.Build.0 = Win32 Debug|Win32
		{B76EFF1E-F27E-4CF2-B864-09904DCAE87B}.Win32 Release|Mixed Platforms.ActiveCfg = Win32 Release|Win32
		{B76EFF1E-F27E-4CF2-B864-09904DCAE87B}.Win32 Release|Mixed Platforms.Build.0 = Win32 Release|Win32
		{B76EFF1E-F27E-4CF2-B864-09904DCAE87B}.Win32 Release|Win32.ActiveCfg = Win32 Release|Win32
		{B76EFF1E-F27E-4CF2-B864-09904DCAE87B}.Win32 Release|Win32.Build.0 = Win32 Release|Win32
		{56505B3B-FDE5-40A3-9716-B7FCE49BBFAA}.PSP Debug|Mixed Platforms.ActiveCfg = Win32 Release|Win32
		{56505B3B-FDE5-40A3-9716-B7FCE49BBFAA}.PSP Debug|Win32.ActiveCfg = Win32 Debug|Win32
		{56505B3B-FDE5-40A3-9716-B7FCE49BBFAA}.PSP Release|Mixed Platforms.ActiveCfg = Win32 Release|Win32
		{56505B3B-FDE5-40A3-9716-B7FCE49BBFAA}.PSP Release|Win32.ActiveCfg = Win32 Release|Win32
		{56505B3B-FDE5-40A3-9716-B7FCE49BBFAA}.Win32 Debug|Mixed Platforms.ActiveCfg = Win32 Debug|Win32
		{56505B3B-FDE5-40A3-9716-B7FCE49BBFAA}.Win32 Debug|Win32.ActiveCfg = Win32 Debug|Win32
		{56505B3B-FDE5-40A3-9716-B7FCE49BBFAA}.Win32 Debug|Win32.Build.0 = Win32 Debug|Win32
		{56505B3B-FDE5-40A3-9716-B7FCE49BBFAA}.Win32 Release|Mixed Platforms.ActiveCfg = Win32 Release|Win32
		{56505B3B-FDE5-40A3-9716-B7FCE49BBFAA}.Win32 Release|Win32.ActiveCfg = Win32 Release|Win32
		{56505B3B-FDE5-40A3-9716-B7FCE49BBFAA}.Win32 Release|Win32.Build.0 = Win32 Release|Win32
		{B11A7D08-2B5B-4BBF-9A90-88FBC99D82CC}.PSP Debug|Mixed Platforms.ActiveCfg = Win32 Release|Win32
		{B11A7D08-2B5B-4BBF-9A90-88FBC99D82CC}.PSP Debug|Win32.ActiveCfg = Win32 Debug|Win32
		{B11A7D08-2B5B-4BBF-9A90-88FBC99D82CC}.PSP Release|Mixed Platforms.ActiveCfg = Win32 Release|Win32
		{B11A7D08-2B5B-4BBF-9A90-88FBC99D82CC}.PSP Release|Win32.ActiveCfg = Win32 Release|Win32
		{B11A7D08-2B5B-4BBF-9A90-88FBC99D82CC}.Win32 Debug|Mixed Platforms.ActiveCfg = Win32 Debug|Win32
		{B11A7D08-2B5B-4BBF-9A90-88FBC99D82CC}.Win32 Debug|Win32.ActiveCfg = Win32 Debug|Win32
		{B11A7D08-2B5B-4BBF-9A90-88FBC99D82CC}.Win32 Debug|Win32.Build.0 = Win32 Debug|Win32
		{B11A7D08-2B5B-4BBF-9A90-88FBC99D82CC}.Win32 Release|Mixed Platforms.ActiveCfg = Win32 Release|Win32
		{B11A7D08-2B5B-4BBF-9A90-88FBC99D82CC}.Win32 Release|Win32.ActiveCfg = Win32 Release|Win32
		{B11A7D08-2B5B-4BBF-9A90-88FBC99D82CC}.Win32 Release|Win32.Build.0 = Win32 Release|Win32
		{5D4A107B-804F-4380-AA79-FBCEA726C532}.PSP Debug|Mixed Platforms.ActiveCfg = Win32 Release|Win32
		{5D4A107B-804F-4380-AA79-FBCEA726C532}.PSP Debug|Win32.ActiveCfg = Win32 Debug|Win32
		{5D4A107B-804F-4380-AA79-FBCEA726C532}.PSP Release|Mixed Platforms.ActiveCfg = Win32 Release|Win32
		{5D4A107B-804F-4380-AA79-FBCEA726C532}.PSP Release|Win32.ActiveCfg = Win32 Release|Win32
		{5D4A107B-804F-4380-AA79-FBCEA726C532}.Win32 Debug|Mixed Platforms.ActiveCfg = Win32 Debug|Win32
		{5D4A107B-804F-4380-AA79-FBCEA726C532}.Win32 Debug|Win32.ActiveCfg = Win32 Debug|Win32
		{5D4A107B-804F-4380-AA79-FBCEA726C532}.Win32 Debug|Win32.Build.0 = Win32 Debug|Win32
		{5D4A107B-804F-4380-AA79-FBCEA726C532}.Win32 Release|Mixed Platforms.ActiveCfg = Win32 Release|Win32
		{5D4A107B-804F-4380-AA79-FBCEA726C532}.Win32 Release|Win32.ActiveCfg = Win32 Release|Win32
		{5D4A107B-804F-4380-AA79-FBCEA726C532}.Win32 Release|Win32.Build.0 = Win32 Release|Win32
		{B9B6C9DD-B2D4-4201-9443-D20D18365129}.PSP Debug|Mixed Platforms.ActiveCfg = Win32 Release|Win32
		{B9B6C9DD-B2D4-4201-9443-D20D18365129}.PSP Debug|Win32.ActiveCfg = Win32 Debug|Win32
		{B9B6C9DD-B2D4-4201-9443-D20D18365129}.PSP Release|Mixed Platforms.ActiveCfg = Win32 Release|Win32
		{B9B6C9DD-B2D4-4201-9443-D20D18365129}.PSP Release|Win32.ActiveCfg = Win32 Release|Win32
		{B9B6C9DD-B2D4-4201-9443-D20D18365129}.Win32 Debug|Mixed Platforms.ActiveCfg = Win32 Debug|Win32
		{B9B6C9DD-B2D4-4201-9443-D20D18365129}.Win32 Debug|Win32.ActiveCfg = Win32 Debug|Win32
		{B9B6C9DD-B2D4-4201-9443-D20D18365129}.Win32 Debug|Win32.Build.0 = Win32 Debug|Win32
		{B9B6C9DD-B2D4-4201-9443-D20D18365129}.Win32 Release|Mixed Platforms.ActiveCfg = Win32 Release|Win32
		{B9B6C9DD-B2D4-4201-9443-D20D18365129}.Win32 Release|Win32.ActiveCfg = Win32 Release|Win32
		{B9B6C9DD-B2D4-4201-9443-D20D18365129}.Win32 Release|Win32.Build.0 = Win32 Release|Win32
		{538904C3-E8D7-4FF8-AE64-4105E9F67134}.PSP Debug|Mixed Platforms.ActiveCfg = Win32 Release|Win32
		{538904C3-E8D7-4FF8-AE64-4105E9F67134}.PSP Debug|Mixed Platforms.Build.0 = Win32 Release|Win32
		{538904C3-E8D7-4FF8-AE64-4105E9F67134}.PSP Debug|Win32.ActiveCfg = Win32 Debug|Win32
		{538904C3-E8D7-4FF8-AE64-4105E9F67134}.PSP Release|Mixed Platforms.ActiveCfg = Win32 Release|Win32
		{538904C3-E8D7-4FF8-AE64-4105E9F67134}.PSP Release|Mixed Platforms.Build.0 = Win32 Release|Win32
		{538904C3-E8D7-4FF8-AE64-4105E9F67134}.PSP Release|Win32.ActiveCfg = Win32 Release|Win32
		{538904C3-E8D7-4FF8-AE64-4105E9F67134}.Win32 Debug|Mixed Platforms.ActiveCfg = Win32 Debug|Win32
		{538904C3-E8D7-4FF8-AE64-4105E9F67134}.Win32 Debug|Mixed Platforms.Build.0 = Win32 Debug|Win32
		{538904C3-E8D7-4FF8-AE64-4105E9F67134}.Win32 Debug|Win32.ActiveCfg = Win32 Debug|Win32
		{538904C3-E8D7-4FF8-AE64-4105E9F67134}.Win32 Debug|Win32.Build.0 = Win32 Debug|Win32
		{538904C3-E8D7-4FF8-AE64-4105E9F67134}.Win32 Release|Mixed Platforms.ActiveCfg = Win32 Release|Win32
		{538904C3-E8D7-4FF8-AE64-4105E9F67134}.Win32 Release|Mixed Platforms.Build.0 = Win32 Release|Win32
		{538904C3-E8D7-4FF8-AE64-4105E9F67134}.Win32 Release|Win32.ActiveCfg = Win32 Release|Win32
		{538904C3-E8D7-4FF8-AE64-4105E9F67134}.Win32 Release|Win32.Build.0 = Win32 Release|Win32
		{B5B297FA-FDDD-40F1-A9BC-4CC2D639DAEB}.PSP Debug|Mixed Platforms.ActiveCfg = Win32 Release|Win32
		{B5B297FA-FDDD-40F1-A9BC-4CC2D639DAEB}.PSP Debug|Win32.ActiveCfg = Win32 Debug|Win32
		{B5B297FA-FDDD-40F1-A9BC-4CC2D639DAEB}.PSP Release|Mixed Platforms.ActiveCfg = Win32 Release|Win32
		{B5B297FA-FDDD-40F1-A9BC-4CC2D639DAEB}.PSP Release|Win32.ActiveCfg = Win32 Release|Win32
		{B5B297FA-FDDD-40F1-A9BC-4CC2D639DAEB}.Win32 Debug|Mixed Platforms.ActiveCfg = Win32 Debug|Win32
		{B5B297FA-FDDD-40F1-A9BC-4CC2D639DAEB}.Win32 Debug|Win32.ActiveCfg = Win32 Debug|Win32
		{B5B297FA-FDDD-40F1-A9BC-4CC2D639DAEB}.Win32 Debug|Win32.Build.0 = Win32 Debug|Win32
		{B5B297FA-FDDD-40F1-A9BC-4CC2D639DAEB}.Win32 Release|Mixed Platforms.ActiveCfg = Win32 Release|Win32
		{B5B297FA-FDDD-40F1-A9BC-4CC2D639DAEB}.Win32 Release|Win32.ActiveCfg = Win32 Release|Win32
		{B5B297FA-FDDD-40F1-A9BC-4CC2D639DAEB}.Win32 Release|Win32.Build.0 = Win32 Release|Win32
		{55DAE454-CE81-4BBD-8D1D-977D6572C05F}.PSP Debug|Mixed Platforms.ActiveCfg = Win32 Release|Win32
		{55DAE454-CE81-4BBD-8D1D-977D6572C05F}.PSP Debug|Win32.ActiveCfg = Win32 Debug|Win32
		{55DAE454-CE81-4BBD-8D1D-977D6572C05F}.PSP Release|Mixed Platforms.ActiveCfg = Win32 Release|Win32
		{55DAE454-CE81-4BBD-8D1D-977D6572C05F}.PSP Release|Win32.ActiveCfg = Win32 Release|Win32
		{55DAE454-CE81-4BBD-8D1D-977D6572C05F}.Win32 Debug|Mixed Platforms.ActiveCfg = Win32 Debug|Win32
		{55DAE454-CE81-4BBD-8D1D-977D6572C05F}.Win32 Debug|Win32.ActiveCfg = Win32 Debug|Win32
		{55DAE454-CE81-4BBD-8D1D-977D6572C05F}.Win32 Debug|Win32.Build.0 = Win32 Debug|Win32
		{55DAE454-CE81-4BBD-8D1D-977D6572C05F}.Win32 Release|Mixed Platforms.ActiveCfg = Win32 Release|Win32
		{55DAE454-CE81-4BBD-8D1D-977D6572C05F}.Win32 Release|Win32.ActiveCfg = Win32 Release|Win32
		{55DAE454-CE81-4BBD-8D1D-977D6572C05F}.Win32 Release|Win32.Build.0 = Win32 Release|Win32
		{BE7E677C-0091-4BEF-96B4-1C019AA82E26}.PSP Debug|Mixed Platforms.ActiveCfg = Win32 Release|Win32
		{BE7E677C-0091-4BEF-96B4-1C019AA82E26}.PSP Debug|Win32.ActiveCfg = Win32 Debug|Win32
		{BE7E677C-0091-4BEF-96B4-1C019AA82E26}.PSP Release|Mixed Platforms.ActiveCfg = Win32 Release|Win32
		{BE7E677C-0091-4BEF-96B4-1C019AA82E26}.PSP Release|Win32.ActiveCfg = Win32 Release|Win32
		{BE7E677C-0091-4BEF-96B4-1C019AA82E26}.Win32 Debug|Mixed Platforms.ActiveCfg = Win32 Debug|Win32
		{BE7E677C-0091-4BEF-96B4-1C019AA82E26}.Win32 Debug|Win32.ActiveCfg = Win32 Debug|Win32
		{BE7E677C-0091-4BEF-96B4-1C019AA82E26}.Win32 Release|Mixed Platforms.ActiveCfg = Win32 Release|Win32
		{BE7E677C-0091-4BEF-96B4-1C019AA82E26}.Win32 Release|Win32.ActiveCfg = Win32 Release|Win32
		{BE7E677C-0091-4BEF-96B4-1C019AA82E26}.Win32 Release|Win32.Build.0 = Win32 Release|Win32
		{3F62010D-6CED-49D6-8DC9-B21099FE2977}.PSP Debug|Mixed Platforms.ActiveCfg = Win32 Release|Win32
		{3F62010D-6CED-49D6-8DC9-B21099FE2977}.PSP Debug|Mixed Platforms.Build.0 = Win32 Release|Win32
		{3F62010D-6CED-49D6-8DC9-B21099FE2977}.PSP Debug|Win32.ActiveCfg = Win32 Debug|Win32
		{3F62010D-6CED-49D6-8DC9-B21099FE2977}.PSP Release|Mixed Platforms.ActiveCfg = Win32 Release|Win32
		{3F62010D-6CED-49D6-8DC9-B21099FE2977}.PSP Release|Mixed Platforms.Build.0 = Win32 Release|Win32
		{3F62010D-6CED-49D6-8DC9-B21099FE2977}.PSP Release|Win32.ActiveCfg = Win32 Release|Win32
		{3F62010D-6CED-49D6-8DC9-B21099FE2977}.Win32 Debug|Mixed Platforms.ActiveCfg = Win32 Debug|Win32
		{3F62010D-6CED-49D6-8DC9-B21099FE2977}.Win32 Debug|Mixed Platforms.Build.0 = Win32 Debug|Win32
		{3F62010D-6CED-49D6-8DC9-B21099FE2977}.Win32 Debug|Win32.ActiveCfg = Win32 Debug|Win32
		{3F62010D-6CED-49D6-8DC9-B21099FE2977}.Win32 Debug|Win32.Build.0 = Win32 Debug|Win32
		{3F62010D-6CED-49D6-8DC9-B21099FE2977}.Win32 Release|Mixed Platforms.ActiveCfg = Win32 Release|Win32
		{3F62010D-6CED-49D6-8DC9-B21099FE2977}.Win32 Release|Mixed Platforms.Build.0 = Win32 Release|Win32
		{3F62010D-6CED-49D6-8DC9-B21099FE2977}.Win32 Release|Win32.ActiveCfg = Win32 Release|Win32
		{8D3675D4-63E6-42FA-95B8-AF2081202168}.PSP Debug|Mixed Platforms.ActiveCfg = Win32 Release|Win32
		{8D3675D4-63E6-42FA-95B8-AF2081202168}.PSP Debug|Win32.ActiveCfg = Win32 Debug|Win32
		{8D3675D4-63E6-42FA-95B8-AF2081202168}.PSP Release|Mixed Platforms.ActiveCfg = Win32 Release|Win32
		{8D3675D4-63E6-42FA-95B8-AF2081202168}.PSP Release|Win32.ActiveCfg = Win32 Release|Win32
		{8D3675D4-63E6-42FA-95B8-AF2081202168}.Win32 Debug|Mixed Platforms.ActiveCfg = Win32 Debug|Win32
		{8D3675D4-63E6-42FA-95B8-AF2081202168}.Win32 Debug|Win32.ActiveCfg = Win32 Debug|Win32
		{8D3675D4-63E6-42FA-95B8-AF2081202168}.Win32 Debug|Win32.Build.0 = Win32 Debug|Win32
		{8D3675D4-63E6-42FA-95B8-AF2081202168}.Win32 Release|Mixed Platforms.ActiveCfg = Win32 Release|Win32
		{8D3675D4-63E6-42FA-95B8-AF2081202168}.Win32 Release|Win32.ActiveCfg = Win32 Release|Win32
		{8D3675D4-63E6-42FA-95B8-AF2081202168}.Win32 Release|Win32.Build.0 = Win32 Release|Win32
		{030D3C2E-924F-4154-9F21-3BFC8ABD0CD2}.PSP Debug|Mixed Platforms.ActiveCfg = Win32 Release|Win32
		{030D3C2E-924F-4154-9F21-3BFC8ABD0CD2}.PSP Debug|Mixed Platforms.Build.0 = Win32 Release|Win32
		{030D3C2E-924F-4154-9F21-3BFC8ABD0CD2}.PSP Debug|Win32.ActiveCfg = Win32 Debug|Win32
		{030D3C2E-924F-4154-9F21-3BFC8ABD0CD2}.PSP Release|Mixed Platforms.ActiveCfg = Win32 Release|Win32
		{030D3C2E-924F-4154-9F21-3BFC8ABD0CD2}.PSP Release|Mixed Platforms.Build.0 = Win32 Release|Win32
		{030D3C2E-924F-4154-9F21-3BFC8ABD0CD2}.PSP Release|Win32.ActiveCfg = Win32 Release|Win32
		{030D3C2E-924F-4154-9F21-3BFC8ABD0CD2}.Win32 Debug|Mixed Platforms.ActiveCfg = Win32 Debug|Win32
		{030D3C2E-924F-4154-9F21-3BFC8ABD0CD2}.Win32 Debug|Mixed Platforms.Build.0 = Win32 Debug|Win32
		{030D3C2E-924F-4154-9F21-3BFC8ABD0CD2}.Win32 Debug|Win32.ActiveCfg = Win32 Debug|Win32
		{030D3C2E-924F-4154-9F21-3BFC8ABD0CD2}.Win32 Debug|Win32.Build.0 = Win32 Debug|Win32
		{030D3C2E-924F-4154-9F21-3BFC8ABD0CD2}.Win32 Release|Mixed Platforms.ActiveCfg = Win32 Release|Win32
		{030D3C2E-924F-4154-9F21-3BFC8ABD0CD2}.Win32 Release|Mixed Platforms.Build.0 = Win32 Release|Win32
		{030D3C2E-924F-4154-9F21-3BFC8ABD0CD2}.Win32 Release|Win32.ActiveCfg = Win32 Release|Win32
		{030D3C2E-924F-4154-9F21-3BFC8ABD0CD2}.Win32 Release|Win32.Build.0 = Win32 Release|Win32
		{F08D3B72-4470-4D93-9FAA-56797964569F}.PSP Debug|Mixed Platforms.ActiveCfg = Win32 Release|Win32
		{F08D3B72-4470-4D93-9FAA-56797964569F}.PSP Debug|Win32.ActiveCfg = Win32 Debug|Win32
		{F08D3B72-4470-4D93-9FAA-56797964569F}.PSP Release|Mixed Platforms.ActiveCfg = Win32 Release|Win32
		{F08D3B72-4470-4D93-9FAA-56797964569F}.PSP Release|Win32.ActiveCfg = Win32 Release|Win32
		{F08D3B72-4470-4D93-9FAA-56797964569F}.Win32 Debug|Mixed Platforms.ActiveCfg = Win32 Debug|Win32
		{F08D3B72-4470-4D93-9FAA-56797964569F}.Win32 Debug|Win32.ActiveCfg = Win32 Debug|Win32
		{F08D3B72-4470-4D93-9FAA-56797964569F}.Win32 Debug|Win32.Build.0 = Win32 Debug|Win32
		{F08D3B72-4470-4D93-9FAA-56797964569F}.Win32 Release|Mixed Platforms.ActiveCfg = Win32 Release|Win32
		{F08D3B72-4470-4D93-9FAA-56797964569F}.Win32 Release|Win32.ActiveCfg = Win32 Release|Win32
		{F08D3B72-4470-4D93-9FAA-56797964569F}.Win32 Release|Win32.Build.0 = Win32 Release|Win32
		{923990C9-B472-48BC-B164-B146C94B6C91}.PSP Debug|Mixed Platforms.ActiveCfg = Win32 Release|Win32
		{923990C9-B472-48BC-B164-B146C94B6C91}.PSP Debug|Win32.ActiveCfg = Win32 Debug|Win32
		{923990C9-B472-48BC-B164-B146C94B6C91}.PSP Release|Mixed Platforms.ActiveCfg = Win32 Release|Win32
		{923990C9-B472-48BC-B164-B146C94B6C91}.PSP Release|Win32.ActiveCfg = Win32 Release|Win32
		{923990C9-B472-48BC-B164-B146C94B6C91}.Win32 Debug|Mixed Platforms.ActiveCfg = Win32 Debug|Win32
		{923990C9-B472-48BC-B164-B146C94B6C91}.Win32 Debug|Win32.ActiveCfg = Win32 Debug|Win32
		{923990C9-B472-48BC-B164-B146C94B6C91}.Win32 Debug|Win32.Build.0 = Win32 Debug|Win32
		{923990C9-B472-48BC-B164-B146C94B6C91}.Win32 Release|Mixed Platforms.ActiveCfg = Win32 Release|Win32
		{923990C9-B472-48BC-B164-B146C94B6C91}.Win32 Release|Win32.ActiveCfg = Win32 Release|Win32
		{923990C9-B472-48BC-B164-B146C94B6C91}.Win32 Release|Win32.Build.0 = Win32 Release|Win32
		{625C683F-2833-4B45-9ACC-1025D87AA999}.PSP Debug|Mixed Platforms.ActiveCfg = Win32 Release|Win32
		{625C683F-2833-4B45-9ACC-1025D87AA999}.PSP Debug|Win32.ActiveCfg = Win32 Debug|Win32
		{625C683F-2833-4B45-9ACC-1025D87AA999}.PSP Release|Mixed Platforms.ActiveCfg = Win32 Release|Win32
		{625C683F-2833-4B45-9ACC-1025D87AA999}.PSP Release|Win32.ActiveCfg = Win32 Release|Win32
		{625C683F-2833-4B45-9ACC-1025D87AA999}.Win32 Debug|Mixed Platforms.ActiveCfg = Win32 Debug|Win32
		{625C683F-2833-4B45-9ACC-1025D87AA999}.Win32 Debug|Win32.ActiveCfg = Win32 Debug|Win32
		{625C683F-2833-4B45-9ACC-1025D87AA999}.Win32 Debug|Win32.Build.0 = Win32 Debug|Win32
		{625C683F-2833-4B45-9ACC-1025D87AA999}.Win32 Release|Mixed Platforms.ActiveCfg = Win32 Release|Win32
		{625C683F-2833-4B45-9ACC-1025D87AA999}.Win32 Release|Win32.ActiveCfg = Win32 Release|Win32
		{625C683F-2833-4B45-9ACC-1025D87AA999}.Win32 Release|Win32.Build.0 = Win32 Release|Win32
		{89EF22A5-08DC-493E-B145-64ADE599228A}.PSP Debug|Mixed Platforms.ActiveCfg = PSP Debug|Win32
		{89EF22A5-08DC-493E-B145-64ADE599228A}.PSP Debug|Win32.ActiveCfg = PSP Debug|Win32
		{89EF22A5-08DC-493E-B145-64ADE599228A}.PSP Debug|Win32.Build.0 = PSP Debug|Win32
		{89EF22A5-08DC-493E-B145-64ADE599228A}.PSP Release|Mixed Platforms.ActiveCfg = PSP Release|Win32
		{89EF22A5-08DC-493E-B145-64ADE599228A}.PSP Release|Win32.ActiveCfg = PSP Release|Win32
		{89EF22A5-08DC-493E-B145-64ADE599228A}.PSP Release|Win32.Build.0 = PSP Release|Win32
		{89EF22A5-08DC-493E-B145-64ADE599228A}.Win32 Debug|Mixed Platforms.ActiveCfg = PSP Release|Win32
		{89EF22A5-08DC-493E-B145-64ADE599228A}.Win32 Debug|Win32.ActiveCfg = PSP Debug|Win32
		{89EF22A5-08DC-493E-B145-64ADE599228A}.Win32 Release|Mixed Platforms.ActiveCfg = PSP Release|Win32
		{89EF22A5-08DC-493E-B145-64ADE599228A}.Win32 Release|Win32.ActiveCfg = PSP Release|Win32
		{89EF22A5-08DC-493E-B145-64ADE599228A}.Win32 Release|Win32.Build.0 = PSP Release|Win32
		{89EF22A5-08DC-493E-B145-64ADE599228B}.PSP Debug|Mixed Platforms.ActiveCfg = PSP Debug|Win32
		{89EF22A5-08DC-493E-B145-64ADE599228B}.PSP Debug|Win32.ActiveCfg = PSP Debug|Win32
		{89EF22A5-08DC-493E-B145-64ADE599228B}.PSP Debug|Win32.Build.0 = PSP Debug|Win32
		{89EF22A5-08DC-493E-B145-64ADE599228B}.PSP Release|Mixed Platforms.ActiveCfg = PSP Release|Win32
		{89EF22A5-08DC-493E-B145-64ADE599228B}.PSP Release|Win32.ActiveCfg = PSP Release|Win32
		{89EF22A5-08DC-493E-B145-64ADE599228B}.PSP Release|Win32.Build.0 = PSP Release|Win32
		{89EF22A5-08DC-493E-B145-64ADE599228B}.Win32 Debug|Mixed Platforms.ActiveCfg = PSP Release|Win32
		{89EF22A5-08DC-493E-B145-64ADE599228B}.Win32 Debug|Win32.ActiveCfg = PSP Debug|Win32
		{89EF22A5-08DC-493E-B145-64ADE599228B}.Win32 Release|Mixed Platforms.ActiveCfg = PSP Release|Win32
		{89EF22A5-08DC-493E-B145-64ADE599228B}.Win32 Release|Win32.ActiveCfg = PSP Release|Win32
		{89EF22A5-08DC-493E-B145-64ADE599228B}.Win32 Release|Win32.Build.0 = PSP Release|Win32
		{2D54581C-3D45-4DF5-8866-65708174936F}.PSP Debug|Mixed Platforms.ActiveCfg = Win32 Release|x86
		{2D54581C-3D45-4DF5-8866-65708174936F}.PSP Debug|Mixed Platforms.Build.0 = Win32 Release|x86
		{2D54581C-3D45-4DF5-8866-65708174936F}.PSP Debug|Win32.ActiveCfg = Win32 Release|x86
		{2D54581C-3D45-4DF5-8866-65708174936F}.PSP Release|Mixed Platforms.ActiveCfg = Win32 Release|x86
		{2D54581C-3D45-4DF5-8866-65708174936F}.PSP Release|Mixed Platforms.Build.0 = Win32 Release|x86
		{2D54581C-3D45-4DF5-8866-65708174936F}.PSP Release|Win32.ActiveCfg = Win32 Release|x86
		{2D54581C-3D45-4DF5-8866-65708174936F}.Win32 Debug|Mixed Platforms.ActiveCfg = Win32 Debug|x86
		{2D54581C-3D45-4DF5-8866-65708174936F}.Win32 Debug|Mixed Platforms.Build.0 = Win32 Debug|x86
		{2D54581C-3D45-4DF5-8866-65708174936F}.Win32 Debug|Win32.ActiveCfg = Win32 Debug|x86
		{2D54581C-3D45-4DF5-8866-65708174936F}.Win32 Debug|Win32.Build.0 = Win32 Debug|x86
		{2D54581C-3D45-4DF5-8866-65708174936F}.Win32 Release|Mixed Platforms.ActiveCfg = Win32 Release|x86
		{2D54581C-3D45-4DF5-8866-65708174936F}.Win32 Release|Mixed Platforms.Build.0 = Win32 Release|x86
		{2D54581C-3D45-4DF5-8866-65708174936F}.Win32 Release|Win32.ActiveCfg = Win32 Release|x86
		{458D54B4-A32C-44D7-942B-9D353C553CA5}.PSP Debug|Mixed Platforms.ActiveCfg = Win32 Release|Win32
		{458D54B4-A32C-44D7-942B-9D353C553CA5}.PSP Debug|Mixed Platforms.Build.0 = Win32 Release|Win32
		{458D54B4-A32C-44D7-942B-9D353C553CA5}.PSP Debug|Win32.ActiveCfg = Win32 Release|Win32
		{458D54B4-A32C-44D7-942B-9D353C553CA5}.PSP Debug|Win32.Build.0 = Win32 Release|Win32
		{458D54B4-A32C-44D7-942B-9D353C553CA5}.PSP Release|Mixed Platforms.ActiveCfg = Win32 Release|Win32
		{458D54B4-A32C-44D7-942B-9D353C553CA5}.PSP Release|Mixed Platforms.Build.0 = Win32 Release|Win32
		{458D54B4-A32C-44D7-942B-9D353C553CA5}.PSP Release|Win32.ActiveCfg = Win32 Release|Win32
		{458D54B4-A32C-44D7-942B-9D353C553CA5}.PSP Release|Win32.Build.0 = Win32 Release|Win32
		{458D54B4-A32C-44D7-942B-9D353C553CA5}.Win32 Debug|Mixed Platforms.ActiveCfg = Win32 Debug|Win32
		{458D54B4-A32C-44D7-942B-9D353C553CA5}.Win32 Debug|Mixed Platforms.Build.0 = Win32 Debug|Win32
		{458D54B4-A32C-44D7-942B-9D353C553CA5}.Win32 Debug|Win32.ActiveCfg = Win32 Debug|Win32
		{458D54B4-A32C-44D7-942B-9D353C553CA5}.Win32 Debug|Win32.Build.0 = Win32 Debug|Win32
		{458D54B4-A32C-44D7-942B-9D353C553CA5}.Win32 Release|Mixed Platforms.ActiveCfg = Win32 Release|Win32
		{458D54B4-A32C-44D7-942B-9D353C553CA5}.Win32 Release|Mixed Platforms.Build.0 = Win32 Release|Win32
		{458D54B4-A32C-44D7-942B-9D353C553CA5}.Win32 Release|Win32.ActiveCfg = Win32 Release|Win32
		{458D54B4-A32C-44D7-942B-9D353C553CA5}.Win32 Release|Win32.Build.0 = Win32 Release|Win32
		{DCAC48A7-CB09-4F03-946E-8280FFA30810}.PSP Debug|Mixed Platforms.ActiveCfg = Win32 Debug|Win32
		{DCAC48A7-CB09-4F03-946E-8280FFA30810}.PSP Debug|Mixed Platforms.Build.0 = Win32 Debug|Win32
		{DCAC48A7-CB09-4F03-946E-8280FFA30810}.PSP Debug|Win32.ActiveCfg = Win32 Debug|Win32
		{DCAC48A7-CB09-4F03-946E-8280FFA30810}.PSP Release|Mixed Platforms.ActiveCfg = Win32 Debug|Win32
		{DCAC48A7-CB09-4F03-946E-8280FFA30810}.PSP Release|Mixed Platforms.Build.0 = Win32 Debug|Win32
		{DCAC48A7-CB09-4F03-946E-8280FFA30810}.PSP Release|Win32.ActiveCfg = Win32 Debug|Win32
		{DCAC48A7-CB09-4F03-946E-8280FFA30810}.Win32 Debug|Mixed Platforms.ActiveCfg = Win32 Debug|Win32
		{DCAC48A7-CB09-4F03-946E-8280FFA30810}.Win32 Debug|Mixed Platforms.Build.0 = Win32 Debug|Win32
		{DCAC48A7-CB09-4F03-946E-8280FFA30810}.Win32 Debug|Win32.ActiveCfg = Win32 Debug|Win32
		{DCAC48A7-CB09-4F03-946E-8280FFA30810}.Win32 Debug|Win32.Build.0 = Win32 Debug|Win32
		{DCAC48A7-CB09-4F03-946E-8280FFA30810}.Win32 Release|Mixed Platforms.ActiveCfg = Win32 Release|Win32
		{DCAC48A7-CB09-4F03-946E-8280FFA30810}.Win32 Release|Mixed Platforms.Build.0 = Win32 Release|Win32
		{DCAC48A7-CB09-4F03-946E-8280FFA30810}.Win32 Release|Win32.ActiveCfg = Win32 Release|Win32
		{DCAC48A7-CB09-4F03-946E-8280FFA30810}.Win32 Release|Win32.Build.0 = Win32 Release|Win32
	EndGlobalSection
	GlobalSection(SolutionProperties) = preSolution
		HideSolutionNode = FALSE
	EndGlobalSection
	GlobalSection(NestedProjects) = preSolution
		{603805D8-270D-4093-9F11-B77C6B1C8CDA} = {EA90084C-4027-4262-94E6-5CFEA52C3F14}
		{CCC59B09-0AE1-41F5-B3FE-8918A7D0A50A} = {EA90084C-4027-4262-94E6-5CFEA52C3F14}
		{B76EFF1E-F27E-4CF2-B864-09904DCAE87B} = {EA90084C-4027-4262-94E6-5CFEA52C3F14}
		{56505B3B-FDE5-40A3-9716-B7FCE49BBFAA} = {EA90084C-4027-4262-94E6-5CFEA52C3F14}
		{B11A7D08-2B5B-4BBF-9A90-88FBC99D82CC} = {EA90084C-4027-4262-94E6-5CFEA52C3F14}
		{5D4A107B-804F-4380-AA79-FBCEA726C532} = {EA90084C-4027-4262-94E6-5CFEA52C3F14}
		{55DAE454-CE81-4BBD-8D1D-977D6572C05F} = {EA90084C-4027-4262-94E6-5CFEA52C3F14}
		{8D3675D4-63E6-42FA-95B8-AF2081202168} = {EA90084C-4027-4262-94E6-5CFEA52C3F14}
		{625C683F-2833-4B45-9ACC-1025D87AA999} = {EA90084C-4027-4262-94E6-5CFEA52C3F14}
		{DCAC48A7-CB09-4F03-946E-8280FFA30810} = {EA90084C-4027-4262-94E6-5CFEA52C3F14}
		{030D3C2E-924F-4154-9F21-3BFC8ABD0CD2} = {C46F5698-C886-4C36-88EA-81A487ACB14A}
		{2D54581C-3D45-4DF5-8866-65708174936F} = {C46F5698-C886-4C36-88EA-81A487ACB14A}
		{CFA91863-F0C5-4FD0-802A-E4414D8EE71F} = {4F1DF68C-76D3-435D-B3E7-8B156A052E47}
		{3A8FAAF7-1B42-4942-BC13-15FBC63932F8} = {4F1DF68C-76D3-435D-B3E7-8B156A052E47}
		{B9B6C9DD-B2D4-4201-9443-D20D18365129} = {4F1DF68C-76D3-435D-B3E7-8B156A052E47}
		{B5B297FA-FDDD-40F1-A9BC-4CC2D639DAEB} = {4F1DF68C-76D3-435D-B3E7-8B156A052E47}
		{F08D3B72-4470-4D93-9FAA-56797964569F} = {4F1DF68C-76D3-435D-B3E7-8B156A052E47}
		{89EF22A5-08DC-493E-B145-64ADE599228A} = {610C8DD9-75A6-4E5B-A167-DA72745DE6CD}
		{89EF22A5-08DC-493E-B145-64ADE599228B} = {610C8DD9-75A6-4E5B-A167-DA72745DE6CD}
	EndGlobalSection
EndGlobal
